
Microsoft Visual Studio Solution File, Format Version 12.00
# Visual Studio 15
VisualStudioVersion = 15.0.26730.16
MinimumVisualStudioVersion = 10.0.40219.1
Project("{E24C65DC-7377-472B-9ABA-BC803B73C61A}") = "FrontEnd", "D:\kolya\inventory\FrontEnd\FrontEnd\", "{4809782C-5D52-4853-AFFB-204D1982323A}"
	ProjectSection(WebsiteProperties) = preProject
		TargetFrameworkMoniker = ".NETFramework,Version%3Dv4.0"
		Debug.AspNetCompiler.VirtualPath = "/localhost_6895"
		Debug.AspNetCompiler.PhysicalPath = "D:\kolya\inventory\FrontEnd\FrontEnd\"
		Debug.AspNetCompiler.TargetPath = "PrecompiledWeb\localhost_6895\"
		Debug.AspNetCompiler.Updateable = "true"
		Debug.AspNetCompiler.ForceOverwrite = "true"
		Debug.AspNetCompiler.FixedNames = "false"
		Debug.AspNetCompiler.Debug = "True"
		Release.AspNetCompiler.VirtualPath = "/localhost_6895"
		Release.AspNetCompiler.PhysicalPath = "D:\kolya\inventory\FrontEnd\FrontEnd\"
		Release.AspNetCompiler.TargetPath = "PrecompiledWeb\localhost_6895\"
		Release.AspNetCompiler.Updateable = "true"
		Release.AspNetCompiler.ForceOverwrite = "true"
		Release.AspNetCompiler.FixedNames = "false"
		Release.AspNetCompiler.Debug = "False"
		VWDPort = "6895"
	EndProjectSection
EndProject
Global
	GlobalSection(SolutionConfigurationPlatforms) = preSolution
		Debug|Any CPU = Debug|Any CPU
	EndGlobalSection
	GlobalSection(ProjectConfigurationPlatforms) = postSolution
		{4809782C-5D52-4853-AFFB-204D1982323A}.Debug|Any CPU.ActiveCfg = Debug|Any CPU
		{4809782C-5D52-4853-AFFB-204D1982323A}.Debug|Any CPU.Build.0 = Debug|Any CPU
	EndGlobalSection
	GlobalSection(SolutionProperties) = preSolution
		HideSolutionNode = FALSE
	EndGlobalSection
	GlobalSection(ExtensibilityGlobals) = postSolution
		SolutionGuid = {6856805B-4F59-4BA6-B4F4-B187288CE12B}
	EndGlobalSection
EndGlobal
